// !$*UTF8*$!
{
	archiveVersion = 1;
	classes = {
	};
	objectVersion = 46;
	objects = {

/* Begin PBXBuildFile section */
		2638193622315721005CEB7F /* weapp_sample_image.dat in Resources */ = {isa = PBXBuildFile; fileRef = 2638193522315721005CEB7F /* weapp_sample_image.dat */; };
		3D2204C426CB93AA004AF92E /* libWXWorkApi.a in Frameworks */ = {isa = PBXBuildFile; fileRef = 3D2204C326CB9393004AF92E /* libWXWorkApi.a */; };
		5669BDE91CF5A52200100298 /* main.m in Sources */ = {isa = PBXBuildFile; fileRef = 5669BDE81CF5A52200100298 /* main.m */; };
		5669BDEC1CF5A52200100298 /* AppDelegate.m in Sources */ = {isa = PBXBuildFile; fileRef = 5669BDEB1CF5A52200100298 /* AppDelegate.m */; };
		5669BDEF1CF5A52200100298 /* ViewController.m in Sources */ = {isa = PBXBuildFile; fileRef = 5669BDEE1CF5A52200100298 /* ViewController.m */; };
		5669BDF21CF5A52200100298 /* Main.storyboard in Resources */ = {isa = PBXBuildFile; fileRef = 5669BDF01CF5A52200100298 /* Main.storyboard */; };
		5669BDF41CF5A52200100298 /* Assets.xcassets in Resources */ = {isa = PBXBuildFile; fileRef = 5669BDF31CF5A52200100298 /* Assets.xcassets */; };
		5669BDF71CF5A52200100298 /* LaunchScreen.storyboard in Resources */ = {isa = PBXBuildFile; fileRef = 5669BDF51CF5A52200100298 /* LaunchScreen.storyboard */; };
		566E641E1CF8666C00A711CB /* About Downloads.pdf in Resources */ = {isa = PBXBuildFile; fileRef = 566E641D1CF8666C00A711CB /* About Downloads.pdf */; };
		566E64201CF8667F00A711CB /* test.gif in Resources */ = {isa = PBXBuildFile; fileRef = 566E641F1CF8667F00A711CB /* test.gif */; };
		56B3D9D91CF93CDF008E100B /* icon.jpg in Resources */ = {isa = PBXBuildFile; fileRef = 56B3D9D81CF93CDF008E100B /* icon.jpg */; };
		56D50A3A1D86A0E2003E47E0 /* video.mp4 in Resources */ = {isa = PBXBuildFile; fileRef = 56D50A391D86A0E2003E47E0 /* video.mp4 */; };
/* End PBXBuildFile section */

/* Begin PBXFileReference section */
		2638193522315721005CEB7F /* weapp_sample_image.dat */ = {isa = PBXFileReference; lastKnownFileType = file; path = weapp_sample_image.dat; sourceTree = "<group>"; };
		3D2204C326CB9393004AF92E /* libWXWorkApi.a */ = {isa = PBXFileReference; lastKnownFileType = archive.ar; name = libWXWorkApi.a; path = ../libWXWorkApi.a; sourceTree = "<group>"; };
		5669BDE41CF5A52200100298 /* wxworksdktest.app */ = {isa = PBXFileReference; explicitFileType = wrapper.application; includeInIndex = 0; path = wxworksdktest.app; sourceTree = BUILT_PRODUCTS_DIR; };
		5669BDE81CF5A52200100298 /* main.m */ = {isa = PBXFileReference; lastKnownFileType = sourcecode.c.objc; path = main.m; sourceTree = "<group>"; };
		5669BDEA1CF5A52200100298 /* AppDelegate.h */ = {isa = PBXFileReference; lastKnownFileType = sourcecode.c.h; path = AppDelegate.h; sourceTree = "<group>"; };
		5669BDEB1CF5A52200100298 /* AppDelegate.m */ = {isa = PBXFileReference; lastKnownFileType = sourcecode.c.objc; path = AppDelegate.m; sourceTree = "<group>"; };
		5669BDED1CF5A52200100298 /* ViewController.h */ = {isa = PBXFileReference; lastKnownFileType = sourcecode.c.h; path = ViewController.h; sourceTree = "<group>"; };
		5669BDEE1CF5A52200100298 /* ViewController.m */ = {isa = PBXFileReference; lastKnownFileType = sourcecode.c.objc; path = ViewController.m; sourceTree = "<group>"; };
		5669BDF11CF5A52200100298 /* Base */ = {isa = PBXFileReference; lastKnownFileType = file.storyboard; name = Base; path = Base.lproj/Main.storyboard; sourceTree = "<group>"; };
		5669BDF31CF5A52200100298 /* Assets.xcassets */ = {isa = PBXFileReference; lastKnownFileType = folder.assetcatalog; path = Assets.xcassets; sourceTree = "<group>"; };
		5669BDF61CF5A52200100298 /* Base */ = {isa = PBXFileReference; lastKnownFileType = file.storyboard; name = Base; path = Base.lproj/LaunchScreen.storyboard; sourceTree = "<group>"; };
		5669BDF81CF5A52200100298 /* Info.plist */ = {isa = PBXFileReference; lastKnownFileType = text.plist.xml; path = Info.plist; sourceTree = "<group>"; };
		566E641B1CF8660400A711CB /* WWKApi.h */ = {isa = PBXFileReference; lastKnownFileType = sourcecode.c.h; name = WWKApi.h; path = ../WWKApi.h; sourceTree = "<group>"; };
		566E641C1CF8660400A711CB /* WWKApiObject.h */ = {isa = PBXFileReference; lastKnownFileType = sourcecode.c.h; name = WWKApiObject.h; path = ../WWKApiObject.h; sourceTree = "<group>"; };
		566E641D1CF8666C00A711CB /* About Downloads.pdf */ = {isa = PBXFileReference; lastKnownFileType = image.pdf; path = "About Downloads.pdf"; sourceTree = "<group>"; };
		566E641F1CF8667F00A711CB /* test.gif */ = {isa = PBXFileReference; lastKnownFileType = image.gif; path = test.gif; sourceTree = "<group>"; };
		56B3D9D81CF93CDF008E100B /* icon.jpg */ = {isa = PBXFileReference; lastKnownFileType = image.jpeg; path = icon.jpg; sourceTree = "<group>"; };
		56D50A391D86A0E2003E47E0 /* video.mp4 */ = {isa = PBXFileReference; lastKnownFileType = file; path = video.mp4; sourceTree = "<group>"; };
/* End PBXFileReference section */

/* Begin PBXFrameworksBuildPhase section */
		5669BDE11CF5A52200100298 /* Frameworks */ = {
			isa = PBXFrameworksBuildPhase;
			buildActionMask = 2147483647;
			files = (
				3D2204C426CB93AA004AF92E /* libWXWorkApi.a in Frameworks */,
			);
			runOnlyForDeploymentPostprocessing = 0;
		};
/* End PBXFrameworksBuildPhase section */

/* Begin PBXGroup section */
		260CD4CC2407CAFD003CB88A /* Frameworks */ = {
			isa = PBXGroup;
			children = (
				3D2204C326CB9393004AF92E /* libWXWorkApi.a */,
			);
			name = Frameworks;
			sourceTree = "<group>";
		};
		5669BDDB1CF5A52200100298 = {
			isa = PBXGroup;
			children = (
				566E64181CF865F000A711CB /* WXWorkApi */,
				5669BDE61CF5A52200100298 /* wxworksdktest */,
				5669BDE51CF5A52200100298 /* Products */,
				260CD4CC2407CAFD003CB88A /* Frameworks */,
			);
			sourceTree = "<group>";
		};
		5669BDE51CF5A52200100298 /* Products */ = {
			isa = PBXGroup;
			children = (
				5669BDE41CF5A52200100298 /* wxworksdktest.app */,
			);
			name = Products;
			sourceTree = "<group>";
		};
		5669BDE61CF5A52200100298 /* wxworksdktest */ = {
			isa = PBXGroup;
			children = (
				2638193522315721005CEB7F /* weapp_sample_image.dat */,
				5669BDEA1CF5A52200100298 /* AppDelegate.h */,
				5669BDEB1CF5A52200100298 /* AppDelegate.m */,
				5669BDED1CF5A52200100298 /* ViewController.h */,
				5669BDEE1CF5A52200100298 /* ViewController.m */,
				5669BDF01CF5A52200100298 /* Main.storyboard */,
				5669BDF31CF5A52200100298 /* Assets.xcassets */,
				5669BDF51CF5A52200100298 /* LaunchScreen.storyboard */,
				566E641D1CF8666C00A711CB /* About Downloads.pdf */,
				566E641F1CF8667F00A711CB /* test.gif */,
				56B3D9D81CF93CDF008E100B /* icon.jpg */,
				56D50A391D86A0E2003E47E0 /* video.mp4 */,
				5669BDF81CF5A52200100298 /* Info.plist */,
				5669BDE71CF5A52200100298 /* Supporting Files */,
			);
			path = wxworksdktest;
			sourceTree = "<group>";
		};
		5669BDE71CF5A52200100298 /* Supporting Files */ = {
			isa = PBXGroup;
			children = (
				5669BDE81CF5A52200100298 /* main.m */,
			);
			name = "Supporting Files";
			sourceTree = "<group>";
		};
		566E64181CF865F000A711CB /* WXWorkApi */ = {
			isa = PBXGroup;
			children = (
				566E641B1CF8660400A711CB /* WWKApi.h */,
				566E641C1CF8660400A711CB /* WWKApiObject.h */,
			);
			name = WXWorkApi;
			sourceTree = "<group>";
		};
/* End PBXGroup section */

/* Begin PBXNativeTarget section */
		5669BDE31CF5A52200100298 /* wxworksdktest */ = {
			isa = PBXNativeTarget;
			buildConfigurationList = 5669BDFB1CF5A52200100298 /* Build configuration list for PBXNativeTarget "wxworksdktest" */;
			buildPhases = (
				5669BDE01CF5A52200100298 /* Sources */,
				5669BDE11CF5A52200100298 /* Frameworks */,
				5669BDE21CF5A52200100298 /* Resources */,
			);
			buildRules = (
			);
			dependencies = (
			);
			name = wxworksdktest;
			productName = wxworksdktest;
			productReference = 5669BDE41CF5A52200100298 /* wxworksdktest.app */;
			productType = "com.apple.product-type.application";
		};
/* End PBXNativeTarget section */

/* Begin PBXProject section */
		5669BDDC1CF5A52200100298 /* Project object */ = {
			isa = PBXProject;
			attributes = {
				LastUpgradeCheck = 1010;
				ORGANIZATIONNAME = tencent;
				TargetAttributes = {
					5669BDE31CF5A52200100298 = {
						CreatedOnToolsVersion = 7.3;
						DevelopmentTeam = 5P78BGPD2P;
						ProvisioningStyle = Manual;
					};
				};
			};
			buildConfigurationList = 5669BDDF1CF5A52200100298 /* Build configuration list for PBXProject "wxworksdktest" */;
			compatibilityVersion = "Xcode 3.2";
			developmentRegion = English;
			hasScannedForEncodings = 0;
			knownRegions = (
				English,
				en,
				Base,
			);
			mainGroup = 5669BDDB1CF5A52200100298;
			productRefGroup = 5669BDE51CF5A52200100298 /* Products */;
			projectDirPath = "";
			projectRoot = "";
			targets = (
				5669BDE31CF5A52200100298 /* wxworksdktest */,
			);
		};
/* End PBXProject section */

/* Begin PBXResourcesBuildPhase section */
		5669BDE21CF5A52200100298 /* Resources */ = {
			isa = PBXResourcesBuildPhase;
			buildActionMask = 2147483647;
			files = (
				5669BDF71CF5A52200100298 /* LaunchScreen.storyboard in Resources */,
				566E641E1CF8666C00A711CB /* About Downloads.pdf in Resources */,
				566E64201CF8667F00A711CB /* test.gif in Resources */,
				5669BDF41CF5A52200100298 /* Assets.xcassets in Resources */,
				56B3D9D91CF93CDF008E100B /* icon.jpg in Resources */,
				2638193622315721005CEB7F /* weapp_sample_image.dat in Resources */,
				5669BDF21CF5A52200100298 /* Main.storyboard in Resources */,
				56D50A3A1D86A0E2003E47E0 /* video.mp4 in Resources */,
			);
			runOnlyForDeploymentPostprocessing = 0;
		};
/* End PBXResourcesBuildPhase section */

/* Begin PBXSourcesBuildPhase section */
		5669BDE01CF5A52200100298 /* Sources */ = {
			isa = PBXSourcesBuildPhase;
			buildActionMask = 2147483647;
			files = (
				5669BDEF1CF5A52200100298 /* ViewController.m in Sources */,
				5669BDEC1CF5A52200100298 /* AppDelegate.m in Sources */,
				5669BDE91CF5A52200100298 /* main.m in Sources */,
			);
			runOnlyForDeploymentPostprocessing = 0;
		};
/* End PBXSourcesBuildPhase section */

/* Begin PBXVariantGroup section */
		5669BDF01CF5A52200100298 /* Main.storyboard */ = {
			isa = PBXVariantGroup;
			children = (
				5669BDF11CF5A52200100298 /* Base */,
			);
			name = Main.storyboard;
			sourceTree = "<group>";
		};
		5669BDF51CF5A52200100298 /* LaunchScreen.storyboard */ = {
			isa = PBXVariantGroup;
			children = (
				5669BDF61CF5A52200100298 /* Base */,
			);
			name = LaunchScreen.storyboard;
			sourceTree = "<group>";
		};
/* End PBXVariantGroup section */

/* Begin XCBuildConfiguration section */
		5669BDF91CF5A52200100298 /* Debug */ = {
			isa = XCBuildConfiguration;
			buildSettings = {
				ALWAYS_SEARCH_USER_PATHS = NO;
				CLANG_ANALYZER_NONNULL = YES;
				CLANG_CXX_LANGUAGE_STANDARD = "gnu++0x";
				CLANG_CXX_LIBRARY = "libc++";
				CLANG_ENABLE_MODULES = YES;
				CLANG_ENABLE_OBJC_ARC = YES;
				CLANG_WARN_BLOCK_CAPTURE_AUTORELEASING = YES;
				CLANG_WARN_BOOL_CONVERSION = YES;
				CLANG_WARN_COMMA = YES;
				CLANG_WARN_CONSTANT_CONVERSION = YES;
				CLANG_WARN_DEPRECATED_OBJC_IMPLEMENTATIONS = YES;
				CLANG_WARN_DIRECT_OBJC_ISA_USAGE = YES_ERROR;
				CLANG_WARN_EMPTY_BODY = YES;
				CLANG_WARN_ENUM_CONVERSION = YES;
				CLANG_WARN_INFINITE_RECURSION = YES;
				CLANG_WARN_INT_CONVERSION = YES;
				CLANG_WARN_NON_LITERAL_NULL_CONVERSION = YES;
				CLANG_WARN_OBJC_IMPLICIT_RETAIN_SELF = YES;
				CLANG_WARN_OBJC_LITERAL_CONVERSION = YES;
				CLANG_WARN_OBJC_ROOT_CLASS = YES_ERROR;
				CLANG_WARN_RANGE_LOOP_ANALYSIS = YES;
				CLANG_WARN_STRICT_PROTOTYPES = YES;
				CLANG_WARN_SUSPICIOUS_MOVE = YES;
				CLANG_WARN_UNREACHABLE_CODE = YES;
				CLANG_WARN__DUPLICATE_METHOD_MATCH = YES;
				"CODE_SIGN_IDENTITY[sdk=iphoneos*]" = "iPhone Developer";
				COPY_PHASE_STRIP = NO;
				DEBUG_INFORMATION_FORMAT = dwarf;
				ENABLE_STRICT_OBJC_MSGSEND = YES;
				ENABLE_TESTABILITY = YES;
				GCC_C_LANGUAGE_STANDARD = gnu99;
				GCC_DYNAMIC_NO_PIC = NO;
				GCC_NO_COMMON_BLOCKS = YES;
				GCC_OPTIMIZATION_LEVEL = 0;
				GCC_PREPROCESSOR_DEFINITIONS = (
					"DEBUG=1",
					"$(inherited)",
				);
				GCC_WARN_64_TO_32_BIT_CONVERSION = YES;
				GCC_WARN_ABOUT_RETURN_TYPE = YES_ERROR;
				GCC_WARN_UNDECLARED_SELECTOR = YES;
				GCC_WARN_UNINITIALIZED_AUTOS = YES_AGGRESSIVE;
				GCC_WARN_UNUSED_FUNCTION = YES;
				GCC_WARN_UNUSED_VARIABLE = YES;
				IPHONEOS_DEPLOYMENT_TARGET = 9.3;
				MTL_ENABLE_DEBUG_INFO = YES;
				ONLY_ACTIVE_ARCH = YES;
				SDKROOT = iphoneos;
				TARGETED_DEVICE_FAMILY = "1,2";
			};
			name = Debug;
		};
		5669BDFA1CF5A52200100298 /* Release */ = {
			isa = XCBuildConfiguration;
			buildSettings = {
				ALWAYS_SEARCH_USER_PATHS = NO;
				CLANG_ANALYZER_NONNULL = YES;
				CLANG_CXX_LANGUAGE_STANDARD = "gnu++0x";
				CLANG_CXX_LIBRARY = "libc++";
				CLANG_ENABLE_MODULES = YES;
				CLANG_ENABLE_OBJC_ARC = YES;
				CLANG_WARN_BLOCK_CAPTURE_AUTORELEASING = YES;
				CLANG_WARN_BOOL_CONVERSION = YES;
				CLANG_WARN_COMMA = YES;
				CLANG_WARN_CONSTANT_CONVERSION = YES;
				CLANG_WARN_DEPRECATED_OBJC_IMPLEMENTATIONS = YES;
				CLANG_WARN_DIRECT_OBJC_ISA_USAGE = YES_ERROR;
				CLANG_WARN_EMPTY_BODY = YES;
				CLANG_WARN_ENUM_CONVERSION = YES;
				CLANG_WARN_INFINITE_RECURSION = YES;
				CLANG_WARN_INT_CONVERSION = YES;
				CLANG_WARN_NON_LITERAL_NULL_CONVERSION = YES;
				CLANG_WARN_OBJC_IMPLICIT_RETAIN_SELF = YES;
				CLANG_WARN_OBJC_LITERAL_CONVERSION = YES;
				CLANG_WARN_OBJC_ROOT_CLASS = YES_ERROR;
				CLANG_WARN_RANGE_LOOP_ANALYSIS = YES;
				CLANG_WARN_STRICT_PROTOTYPES = YES;
				CLANG_WARN_SUSPICIOUS_MOVE = YES;
				CLANG_WARN_UNREACHABLE_CODE = YES;
				CLANG_WARN__DUPLICATE_METHOD_MATCH = YES;
				"CODE_SIGN_IDENTITY[sdk=iphoneos*]" = "iPhone Developer";
				COPY_PHASE_STRIP = NO;
				DEBUG_INFORMATION_FORMAT = "dwarf-with-dsym";
				ENABLE_NS_ASSERTIONS = NO;
				ENABLE_STRICT_OBJC_MSGSEND = YES;
				GCC_C_LANGUAGE_STANDARD = gnu99;
				GCC_NO_COMMON_BLOCKS = YES;
				GCC_WARN_64_TO_32_BIT_CONVERSION = YES;
				GCC_WARN_ABOUT_RETURN_TYPE = YES_ERROR;
				GCC_WARN_UNDECLARED_SELECTOR = YES;
				GCC_WARN_UNINITIALIZED_AUTOS = YES_AGGRESSIVE;
				GCC_WARN_UNUSED_FUNCTION = YES;
				GCC_WARN_UNUSED_VARIABLE = YES;
				IPHONEOS_DEPLOYMENT_TARGET = 9.3;
				MTL_ENABLE_DEBUG_INFO = NO;
				SDKROOT = iphoneos;
				TARGETED_DEVICE_FAMILY = "1,2";
				VALIDATE_PRODUCT = YES;
			};
			name = Release;
		};
		5669BDFC1CF5A52200100298 /* Debug */ = {
			isa = XCBuildConfiguration;
			buildSettings = {
				ASSETCATALOG_COMPILER_APPICON_NAME = AppIcon;
				DEVELOPMENT_TEAM = 5P78BGPD2P;
				ENABLE_BITCODE = NO;
				HEADER_SEARCH_PATHS = "$(PROJECT_DIR)/../";
				INFOPLIST_FILE = wxworksdktest/Info.plist;
				IPHONEOS_DEPLOYMENT_TARGET = 8.0;
				LD_RUNPATH_SEARCH_PATHS = "$(inherited) @executable_path/Frameworks";
				LIBRARY_SEARCH_PATHS = (
					"$(inherited)",
					"$(SRCROOT)/..",
					"$(PROJECT_DIR)/wxworksdktest",
				);
				OTHER_LDFLAGS = "-ObjC";
				PRODUCT_BUNDLE_IDENTIFIER = com.tencent.wxworksdktest;
				PRODUCT_NAME = "$(TARGET_NAME)";
				PROVISIONING_PROFILE = "104a10fc-4ba5-414a-9f52-48bd6ae2ef12";
				PROVISIONING_PROFILE_SPECIFIER = "RDGZ Mac Dev Team Development Provision";
			};
			name = Debug;
		};
		5669BDFD1CF5A52200100298 /* Release */ = {
			isa = XCBuildConfiguration;
			buildSettings = {
				ASSETCATALOG_COMPILER_APPICON_NAME = AppIcon;
				DEVELOPMENT_TEAM = 5P78BGPD2P;
				ENABLE_BITCODE = NO;
				HEADER_SEARCH_PATHS = "$(PROJECT_DIR)/../";
				INFOPLIST_FILE = wxworksdktest/Info.plist;
				IPHONEOS_DEPLOYMENT_TARGET = 8.0;
				LD_RUNPATH_SEARCH_PATHS = "$(inherited) @executable_path/Frameworks";
				LIBRARY_SEARCH_PATHS = (
					"$(inherited)",
					"$(SRCROOT)/..",
					"$(PROJECT_DIR)/wxworksdktest",
				);
				OTHER_LDFLAGS = "-ObjC";
				PRODUCT_BUNDLE_IDENTIFIER = com.tencent.wxworksdktest;
				PRODUCT_NAME = "$(TARGET_NAME)";
				PROVISIONING_PROFILE_SPECIFIER = "RDGZ Mac Dev Team Development Provision";
			};
			name = Release;
		};
/* End XCBuildConfiguration section */

/* Begin XCConfigurationList section */
		5669BDDF1CF5A52200100298 /* Build configuration list for PBXProject "wxworksdktest" */ = {
			isa = XCConfigurationList;
			buildConfigurations = (
				5669BDF91CF5A52200100298 /* Debug */,
				5669BDFA1CF5A52200100298 /* Release */,
			);
			defaultConfigurationIsVisible = 0;
			defaultConfigurationName = Release;
		};
		5669BDFB1CF5A52200100298 /* Build configuration list for PBXNativeTarget "wxworksdktest" */ = {
			isa = XCConfigurationList;
			buildConfigurations = (
				5669BDFC1CF5A52200100298 /* Debug */,
				5669BDFD1CF5A52200100298 /* Release */,
			);
			defaultConfigurationIsVisible = 0;
			defaultConfigurationName = Release;
		};
/* End XCConfigurationList section */
	};
	rootObject = 5669BDDC1CF5A52200100298 /* Project object */;
}
